Microsoft Visual Studio Solution File, Format Version 11.00
# Visual Studio 2010
Project("{FAE04EC0-301F-11D3-BF4B-00C04F79EFBC}") = "WebDesigner_CustomDashboardStorage", "WebDesigner_CustomDashboardStorage\WebDesigner_CustomDashboardStorage.csproj", "{27738DE7-78FD-4C42-8956-A0614F0A2118}"
EndProject
Global
	GlobalSection(SolutionConfigurationPlatforms) = preSolution
		Debug|Any CPU = Debug|Any CPU
		Release|Any CPU = Release|Any CPU
	EndGlobalSection
	GlobalSection(ProjectConfigurationPlatforms) = postSolution
		{27738DE7-78FD-4C42-8956-A0614F0A2118}.Debug|Any CPU.ActiveCfg = Debug|Any CPU
		{27738DE7-78FD-4C42-8956-A0614F0A2118}.Debug|Any CPU.Build.0 = Debug|Any CPU
		{27738DE7-78FD-4C42-8956-A0614F0A2118}.Release|Any CPU.ActiveCfg = Release|Any CPU
		{27738DE7-78FD-4C42-8956-A0614F0A2118}.Release|Any CPU.Build.0 = Release|Any CPU
	EndGlobalSection
	GlobalSection(SolutionProperties) = preSolution
		HideSolutionNode = FALSE
	EndGlobalSection
EndGlobal
